{
  "version": "3",
  "packages": {
    "specifiers": {
      "jsr:@oak/acorn@^1.1.0": "jsr:@oak/acorn@1.1.0",
      "jsr:@oak/commons@^0.13": "jsr:@oak/commons@0.13.0",
      "jsr:@std/assert@^1.0": "jsr:@std/assert@1.0.2",
      "jsr:@std/fmt@^1.0.0-rc.1": "jsr:@std/fmt@1.0.0",
      "jsr:@std/fs@^1.0.0-rc.5": "jsr:@std/fs@1.0.1",
      "jsr:@std/http@0.224": "jsr:@std/http@0.224.5",
      "jsr:@std/http@^0.224": "jsr:@std/http@0.224.5",
      "jsr:@std/io@^0.224.3": "jsr:@std/io@0.224.4",
      "jsr:@std/log@^0.224": "jsr:@std/log@0.224.5",
      "jsr:@std/media-types@^1.0": "jsr:@std/media-types@1.0.2",
      "jsr:@valibot/valibot@^0.36": "jsr:@valibot/valibot@0.36.0",
      "npm:buffer@^6.0": "npm:buffer@6.0.3",
      "npm:hyperid@^3.2": "npm:hyperid@3.2.0",
      "npm:path-to-regexp@^7.1": "npm:path-to-regexp@7.1.0",
      "npm:qs@^6.12": "npm:qs@6.13.0",
      "npm:string_decoder@^1.3": "npm:string_decoder@1.3.0",
      "npm:undici@^6.18": "npm:undici@6.19.5"
    },
    "jsr": {
      "@oak/acorn@1.1.0": {
        "integrity": "9054cc943c1ef1c0e5e77a2b277aa2884da343d4c63fcb4955dd2b22d6dc0fb7",
        "dependencies": [
          "jsr:@oak/commons@^0.13",
          "jsr:@std/assert@^1.0",
          "jsr:@std/http@^0.224",
          "jsr:@std/log@^0.224",
          "jsr:@valibot/valibot@^0.36",
          "npm:buffer@^6.0",
          "npm:hyperid@^3.2",
          "npm:path-to-regexp@^7.1",
          "npm:qs@^6.12",
          "npm:string_decoder@^1.3",
          "npm:undici@^6.18"
        ]
      },
      "@oak/commons@0.13.0": {
        "integrity": "64a34d8b754a981df3b16ad30afb980e016edd316cc61a026df32d65daba3e03",
        "dependencies": [
          "jsr:@std/assert@^1.0",
          "jsr:@std/http@0.224",
          "jsr:@std/media-types@^1.0"
        ]
      },
      "@std/assert@1.0.2": {
        "integrity": "ccacec332958126deaceb5c63ff8b4eaf9f5ed0eac9feccf124110435e59e49c"
      },
      "@std/fmt@1.0.0": {
        "integrity": "8a95c9fdbb61559418ccbc0f536080cf43341655e1444f9d375a66886ceaaa3d"
      },
      "@std/fs@1.0.1": {
        "integrity": "d6914ca2c21abe591f733b31dbe6331e446815e513e2451b3b9e472daddfefcb"
      },
      "@std/http@0.224.5": {
        "integrity": "b03b5d1529f6c423badfb82f6640f9f2557b4034cd7c30655ba5bb447ff750a4"
      },
      "@std/io@0.224.4": {
        "integrity": "bce1151765e4e70e376039fd72c71672b4d4aae363878a5ee3e58361b81197ec"
      },
      "@std/log@0.224.5": {
        "integrity": "4612a45189438441bbd923a4cad1cce5c44c6c4a039195a3e8d831ce38894eee",
        "dependencies": [
          "jsr:@std/fmt@^1.0.0-rc.1",
          "jsr:@std/fs@^1.0.0-rc.5",
          "jsr:@std/io@^0.224.3"
        ]
      },
      "@std/media-types@1.0.2": {
        "integrity": "abb78dc8f7d88141cba8c4d60fc1e8b421e5c7b0d7c84f2f708bc666cad46784"
      },
      "@valibot/valibot@0.36.0": {
        "integrity": "36139cd850af78a876b9d9abf904a8d48c559374ce64e5a5b309dfea460a16ed"
      }
    },
    "npm": {
      "base64-js@1.5.1": {
        "integrity": "sha512-AKpaYlHn8t4SVbOHCy+b5+KKgvR4vrsD8vbvrbiQJps7fKDTkjkDry6ji0rUJjC0kzbNePLwzxq8iypo41qeWA==",
        "dependencies": {}
      },
      "buffer@5.7.1": {
        "integrity": "sha512-EHcyIPBQ4BSGlvjB16k5KgAJ27CIsHY/2JBmCRReo48y9rQ3MaUzWX3KVlBa4U7MyX02HdVj0K7C3WaB3ju7FQ==",
        "dependencies": {
          "base64-js": "base64-js@1.5.1",
          "ieee754": "ieee754@1.2.1"
        }
      },
      "buffer@6.0.3": {
        "integrity": "sha512-FTiCpNxtwiZZHEZbcbTIcZjERVICn9yq/pDFkTl95/AxzD1naBctN7YO68riM/gLSDY7sdrMby8hofADYuuqOA==",
        "dependencies": {
          "base64-js": "base64-js@1.5.1",
          "ieee754": "ieee754@1.2.1"
        }
      },
      "call-bind@1.0.7": {
        "integrity": "sha512-GHTSNSYICQ7scH7sZ+M2rFopRoLh8t2bLSW6BbgrtLsahOIB5iyAVJf9GjWK3cYTDaMj4XdBpM1cA6pIS0Kv2w==",
        "dependencies": {
          "es-define-property": "es-define-property@1.0.0",
          "es-errors": "es-errors@1.3.0",
          "function-bind": "function-bind@1.1.2",
          "get-intrinsic": "get-intrinsic@1.2.4",
          "set-function-length": "set-function-length@1.2.2"
        }
      },
      "define-data-property@1.1.4": {
        "integrity": "sha512-rBMvIzlpA8v6E+SJZoo++HAYqsLrkg7MSfIinMPFhmkorw7X+dOXVJQs+QT69zGkzMyfDnIMN2Wid1+NbL3T+A==",
        "dependencies": {
          "es-define-property": "es-define-property@1.0.0",
          "es-errors": "es-errors@1.3.0",
          "gopd": "gopd@1.0.1"
        }
      },
      "es-define-property@1.0.0": {
        "integrity": "sha512-jxayLKShrEqqzJ0eumQbVhTYQM27CfT1T35+gCgDFoL82JLsXqTJ76zv6A0YLOgEnLUMvLzsDsGIrl8NFpT2gQ==",
        "dependencies": {
          "get-intrinsic": "get-intrinsic@1.2.4"
        }
      },
      "es-errors@1.3.0": {
        "integrity": "sha512-Zf5H2Kxt2xjTvbJvP2ZWLEICxA6j+hAmMzIlypy4xcBg1vKVnx89Wy0GbS+kf5cwCVFFzdCFh2XSCFNULS6csw==",
        "dependencies": {}
      },
      "function-bind@1.1.2": {
        "integrity": "sha512-7XHNxH7qX9xG5mIwxkhumTox/MIRNcOgDrxWsMt2pAr23WHp6MrRlN7FBSFpCpr+oVO0F744iUgR82nJMfG2SA==",
        "dependencies": {}
      },
      "get-intrinsic@1.2.4": {
        "integrity": "sha512-5uYhsJH8VJBTv7oslg4BznJYhDoRI6waYCxMmCdnTrcCrHA/fCFKoTFz2JKKE0HdDFUF7/oQuhzumXJK7paBRQ==",
        "dependencies": {
          "es-errors": "es-errors@1.3.0",
          "function-bind": "function-bind@1.1.2",
          "has-proto": "has-proto@1.0.3",
          "has-symbols": "has-symbols@1.0.3",
          "hasown": "hasown@2.0.2"
        }
      },
      "gopd@1.0.1": {
        "integrity": "sha512-d65bNlIadxvpb/A2abVdlqKqV563juRnZ1Wtk6s1sIR8uNsXR70xqIzVqxVf1eTqDunwT2MkczEeaezCKTZhwA==",
        "dependencies": {
          "get-intrinsic": "get-intrinsic@1.2.4"
        }
      },
      "has-property-descriptors@1.0.2": {
        "integrity": "sha512-55JNKuIW+vq4Ke1BjOTjM2YctQIvCT7GFzHwmfZPGo5wnrgkid0YQtnAleFSqumZm4az3n2BS+erby5ipJdgrg==",
        "dependencies": {
          "es-define-property": "es-define-property@1.0.0"
        }
      },
      "has-proto@1.0.3": {
        "integrity": "sha512-SJ1amZAJUiZS+PhsVLf5tGydlaVB8EdFpaSO4gmiUKUOxk8qzn5AIy4ZeJUmh22znIdk/uMAUT2pl3FxzVUH+Q==",
        "dependencies": {}
      },
      "has-symbols@1.0.3": {
        "integrity": "sha512-l3LCuF6MgDNwTDKkdYGEihYjt5pRPbEg46rtlmnSPlUbgmB8LOIrKJbYYFBSbnPaJexMKtiPO8hmeRjRz2Td+A==",
        "dependencies": {}
      },
      "hasown@2.0.2": {
        "integrity": "sha512-0hJU9SCPvmMzIBdZFqNPXWa6dqh7WdH0cII9y+CyS8rG3nL48Bclra9HmKhVVUHyPWNH5Y7xDwAB7bfgSjkUMQ==",
        "dependencies": {
          "function-bind": "function-bind@1.1.2"
        }
      },
      "hyperid@3.2.0": {
        "integrity": "sha512-PdTtDo+Rmza9nEhTunaDSUKwbC69TIzLEpZUwiB6f+0oqmY0UPfhyHCPt6K1NQ4WFv5yJBTG5vELztVWP+nEVQ==",
        "dependencies": {
          "buffer": "buffer@5.7.1",
          "uuid": "uuid@8.3.2",
          "uuid-parse": "uuid-parse@1.1.0"
        }
      },
      "ieee754@1.2.1": {
        "integrity": "sha512-dcyqhDvX1C46lXZcVqCpK+FtMRQVdIMN6/Df5js2zouUsqG7I6sFxitIC+7KYK29KdXOLHdu9zL4sFnoVQnqaA==",
        "dependencies": {}
      },
      "object-inspect@1.13.2": {
        "integrity": "sha512-IRZSRuzJiynemAXPYtPe5BoI/RESNYR7TYm50MC5Mqbd3Jmw5y790sErYw3V6SryFJD64b74qQQs9wn5Bg/k3g==",
        "dependencies": {}
      },
      "path-to-regexp@7.1.0": {
        "integrity": "sha512-ZToe+MbUF4lBqk6dV8GKot4DKfzrxXsplOddH8zN3YK+qw9/McvP7+4ICjZvOne0jQhN4eJwHsX6tT0Ns19fvw==",
        "dependencies": {}
      },
      "qs@6.13.0": {
        "integrity": "sha512-+38qI9SOr8tfZ4QmJNplMUxqjbe7LKvvZgWdExBOmd+egZTtjLB67Gu0HRX3u/XOq7UU2Nx6nsjvS16Z9uwfpg==",
        "dependencies": {
          "side-channel": "side-channel@1.0.6"
        }
      },
      "safe-buffer@5.2.1": {
        "integrity": "sha512-rp3So07KcdmmKbGvgaNxQSJr7bGVSVk5S9Eq1F+ppbRo70+YeaDxkw5Dd8NPN+GD6bjnYm2VuPuCXmpuYvmCXQ==",
        "dependencies": {}
      },
      "set-function-length@1.2.2": {
        "integrity": "sha512-pgRc4hJ4/sNjWCSS9AmnS40x3bNMDTknHgL5UaMBTMyJnU90EgWh1Rz+MC9eFu4BuN/UwZjKQuY/1v3rM7HMfg==",
        "dependencies": {
          "define-data-property": "define-data-property@1.1.4",
          "es-errors": "es-errors@1.3.0",
          "function-bind": "function-bind@1.1.2",
          "get-intrinsic": "get-intrinsic@1.2.4",
          "gopd": "gopd@1.0.1",
          "has-property-descriptors": "has-property-descriptors@1.0.2"
        }
      },
      "side-channel@1.0.6": {
        "integrity": "sha512-fDW/EZ6Q9RiO8eFG8Hj+7u/oW+XrPTIChwCOM2+th2A6OblDtYYIpve9m+KvI9Z4C9qSEXlaGR6bTEYHReuglA==",
        "dependencies": {
          "call-bind": "call-bind@1.0.7",
          "es-errors": "es-errors@1.3.0",
          "get-intrinsic": "get-intrinsic@1.2.4",
          "object-inspect": "object-inspect@1.13.2"
        }
      },
      "string_decoder@1.3.0": {
        "integrity": "sha512-hkRX8U1WjJFd8LsDJ2yQ/wWWxaopEsABU1XfkM8A+j0+85JAGppt16cr1Whg6KIbb4okU6Mql6BOj+uup/wKeA==",
        "dependencies": {
          "safe-buffer": "safe-buffer@5.2.1"
        }
      },
      "undici@6.19.5": {
        "integrity": "sha512-LryC15SWzqQsREHIOUybavaIHF5IoL0dJ9aWWxL/PgT1KfqAW5225FZpDUFlt9xiDMS2/S7DOKhFWA7RLksWdg==",
        "dependencies": {}
      },
      "uuid-parse@1.1.0": {
        "integrity": "sha512-OdmXxA8rDsQ7YpNVbKSJkNzTw2I+S5WsbMDnCtIWSQaosNAcWtFuI/YK1TjzUI6nbkgiqEyh8gWngfcv8Asd9A==",
        "dependencies": {}
      },
      "uuid@8.3.2": {
        "integrity": "sha512-+NYs2QeMWy+GWFOEm9xnn6HCDp0l7QBD7ml8zLUmJ+93Q5NF0NocErnwkTkXVFNiX3/fpC6afS8Dhb/gz7R7eg==",
        "dependencies": {}
      }
    }
  },
  "redirects": {
    "https://deno.land/x/imagemagick_deno/mod.ts": "https://deno.land/x/imagemagick_deno@0.0.26/mod.ts"
  },
  "remote": {
    "https://deno.land/x/imagemagick_deno@0.0.26/mod.ts": "2ed72fb5adaf56ee8b850ddc7da91456700a36ed1b149fa8fd70be5adfa51f24",
    "https://deno.land/x/imagemagick_deno@0.0.26/src/alpha-option.ts": "749a9f3309e491ec09a1d6bc50ce95d9733887d9f57c6863c4ff1c7e9610227b",
    "https://deno.land/x/imagemagick_deno@0.0.26/src/auto-threshold-method.ts": "bb08a00046137e441930e56190b6db10c5fe657cb0a6142cd565a40b1c4250a2",
    "https://deno.land/x/imagemagick_deno@0.0.26/src/byte-array.ts": "bb00cd720dcea06b0d41a500a02e6ad6ace6d4e6fcab06dc943b85bfe0773493",
    "https://deno.land/x/imagemagick_deno@0.0.26/src/channel-statistics.ts": "503871a48800436cbd02baee45f5e55aa7a0d95c3cd36e1111cf36dda946f43c",
    "https://deno.land/x/imagemagick_deno@0.0.26/src/channels.ts": "03e46f10df374d002cc39d10a6bc93c68deb4e1158bef1107234e10a192b05c7",
    "https://deno.land/x/imagemagick_deno@0.0.26/src/chromaticity-info.ts": "192bbfff68cafe77ec5b6439e67f00a96d292e1bd4f482e29f2a32e519121fb1",
    "https://deno.land/x/imagemagick_deno@0.0.26/src/class-type.ts": "11970b07ecdd97798ea9ff45b080e77f6711595cef73c678e0393e21c765de05",
    "https://deno.land/x/imagemagick_deno@0.0.26/src/color-space.ts": "3d9a60f3a8bfefea8d9525572d7bd6214530c69688e8799dceb492b7797d1d0a",
    "https://deno.land/x/imagemagick_deno@0.0.26/src/color-type.ts": "d6a588272044ad171bfd98ea13fb510fce19b8afc4cafdbaadc2a562fbcc380e",
    "https://deno.land/x/imagemagick_deno@0.0.26/src/composite-operator.ts": "f4b5046415c5965d53b17a9e441a42d87e8477b7c158704abd417d6ac10f3ea0",
    "https://deno.land/x/imagemagick_deno@0.0.26/src/compression-method.ts": "5bb7b8884eadcd91e6ad6016d1a644bdb5022020cdc58df1be3d38f742054ae1",
    "https://deno.land/x/imagemagick_deno@0.0.26/src/defines/define.ts": "645fb3a06424ed750250212ac8762ba2ea97c4e4fdbda8aedf21734cbaf4833c",
    "https://deno.land/x/imagemagick_deno@0.0.26/src/defines/defines-creator.ts": "876b7215bb6523cee562bcdf95cdd20cce33dd118db9f61d3d9e6305d5cfa631",
    "https://deno.land/x/imagemagick_deno@0.0.26/src/defines/defines.ts": "fc8e12475e11a30f9f6f9c2b5e2fba94b01d65135654b97694da915d40fae2fe",
    "https://deno.land/x/imagemagick_deno@0.0.26/src/defines/magick-define.ts": "07e9e7fab4ea23f06f584163a99e0007ac1d1f3379ab4a872f1ddd555dd8ddd1",
    "https://deno.land/x/imagemagick_deno@0.0.26/src/density-unit.ts": "4e5a451dde11303aaf99f7f5f9c1409f2d5399e0678a4ab589a33e9757d04491",
    "https://deno.land/x/imagemagick_deno@0.0.26/src/density.ts": "b12b953f53900a2182563963fc08074453fb7bff387c06a7e04a8b26045be91e",
    "https://deno.land/x/imagemagick_deno@0.0.26/src/disposable.ts": "4e30ceedea5c7829153ded68929cc206a303be220a560bb27319b607ee68c4a7",
    "https://deno.land/x/imagemagick_deno@0.0.26/src/distort-method.ts": "13819e00ccb6a636af9ece5d11dfce9451e578d46c94e1f528b0ae5da7721985",
    "https://deno.land/x/imagemagick_deno@0.0.26/src/drawables/drawable-color.ts": "fe3785761844f09a2c8bfda1821580c18706d986b1e7619dd984db6d33f3093a",
    "https://deno.land/x/imagemagick_deno@0.0.26/src/drawables/drawable-fill-color.ts": "566325e1b1eee1e4d74a97c7f0cfbd5cc1c3dbab9a39e8820b3e2555280fe633",
    "https://deno.land/x/imagemagick_deno@0.0.26/src/drawables/drawable-fill-opacity.ts": "a8bfce5d256ed1f296b4e57ae49035dad0baadec57b7ee68731494530b5df816",
    "https://deno.land/x/imagemagick_deno@0.0.26/src/drawables/drawable-font-point-size.ts": "ca4f41670186b13c1195eef74764af1ea00592b9faad5970d7867b3cb47630c3",
    "https://deno.land/x/imagemagick_deno@0.0.26/src/drawables/drawable-font.ts": "6a332ab99030ffe9fffd83704ba3e655649e48f026ef78dfb04d0bb1f99416bf",
    "https://deno.land/x/imagemagick_deno@0.0.26/src/drawables/drawable-gravity.ts": "184729aecc6d700a81eec2b8157b27b77f28c4188eb0f0337446b933e3857dbe",
    "https://deno.land/x/imagemagick_deno@0.0.26/src/drawables/drawable-rectangle.ts": "c6b1bb4b81a7e66e59a9338d45816a8471d951a6583567df68b31d3fde5ae6e0",
    "https://deno.land/x/imagemagick_deno@0.0.26/src/drawables/drawable-round-rectangle.ts": "7cd7e90d6d5902abee81061c7ce5919a50ef340d67d984f1ab5eb15ba22683c8",
    "https://deno.land/x/imagemagick_deno@0.0.26/src/drawables/drawable-text-alignment.ts": "e657d2b012966f653b13890f4cdcb54e2b9d3c28dd78f40205e02ffc4b4942cf",
    "https://deno.land/x/imagemagick_deno@0.0.26/src/drawables/drawable-text-antialias.ts": "f3f3ab526c2b06968b7f16bd9a705f2163ee4c022074fb763ec269218c2f773c",
    "https://deno.land/x/imagemagick_deno@0.0.26/src/drawables/drawable-text-decoration.ts": "d6676422074bde0c86c5a2787822d8475936b56da4c02bd47eb10044d48f29bd",
    "https://deno.land/x/imagemagick_deno@0.0.26/src/drawables/drawable-text-interline-spacing.ts": "8ae3cc5892c605a3ee7ae91d1c41c8f90a7c0d8c7a7e5ec50746047971cd0fda",
    "https://deno.land/x/imagemagick_deno@0.0.26/src/drawables/drawable-text-interword-spacing.ts": "a5b5b5d2081e87552e1b45b2fc734da7885a71a006bd69d8b7f08ed569a37788",
    "https://deno.land/x/imagemagick_deno@0.0.26/src/drawables/drawable-text-kerning.ts": "fb719d6a9ce610a859f43d63eada784510f8e71ace6d57a6ccd43cf504c71103",
    "https://deno.land/x/imagemagick_deno@0.0.26/src/drawables/drawable-text-under-color.ts": "21a7690993e86c22450cda3334092c12ba34dada09817745ea2e685aebb1b1a9",
    "https://deno.land/x/imagemagick_deno@0.0.26/src/drawables/drawable-text.ts": "f13d014b6f8b06e666b701b3860864711d0a0f942c1a30940af939705e72e5ce",
    "https://deno.land/x/imagemagick_deno@0.0.26/src/drawables/drawable.ts": "61b40233ea3c28664c2f8dfd8d794772d8a7a779f4228060efd41b0d44762521",
    "https://deno.land/x/imagemagick_deno@0.0.26/src/drawables/drawing-wand.ts": "fa759f55b7a676deb8c0f9af61a074493eaed86bf527ce0a1b7637229f9dc482",
    "https://deno.land/x/imagemagick_deno@0.0.26/src/endian.ts": "5c36e4c104dd79760a96d1a7e759fbb04907b40d4cbfd30a25d3ef25bf7f63ed",
    "https://deno.land/x/imagemagick_deno@0.0.26/src/error-metric.ts": "fafe44d95312b0e9dd6e5d6d3efd536764468a4b80e3dc3d7d7efc33a40fb871",
    "https://deno.land/x/imagemagick_deno@0.0.26/src/evaluate-operator.ts": "c05d51cb193d95ce0432dee914465cbafc35026ea1102cc48f431571bfb67260",
    "https://deno.land/x/imagemagick_deno@0.0.26/src/filter-type.ts": "face0109ae9e56125b778a8842384031d6e0bd688dfcf96c0861f2fd8bb27225",
    "https://deno.land/x/imagemagick_deno@0.0.26/src/formats/dng/dng-output-color.ts": "13533caccea31a8e6cd960df47c1b608f89a786d51e9c4b3b869ca40eb01c5a8",
    "https://deno.land/x/imagemagick_deno@0.0.26/src/formats/dng/dng-read-defines.ts": "73d3fdc79c0f37ea3b2681f4e159cd927c25cb0801cc43905a4331171062f6c8",
    "https://deno.land/x/imagemagick_deno@0.0.26/src/gif-dispose-method.ts": "841f730e6c282d81296111c32208614adb9c96cd700c76df4eae71140458f9d5",
    "https://deno.land/x/imagemagick_deno@0.0.26/src/gravity.ts": "ed99d33e3775c510c0a29fb330ca5ac9445e41dd3644507186c25cc32eb8634a",
    "https://deno.land/x/imagemagick_deno@0.0.26/src/image-magick.ts": "a86eda53f0d5a9054883b63fe48957d01a385eda57370e3dc080a7cc5f127e70",
    "https://deno.land/x/imagemagick_deno@0.0.26/src/index.ts": "659f1e0c9efa82d49f8bc53d610968e065bec4223538d92e9c55c5e4157dbd96",
    "https://deno.land/x/imagemagick_deno@0.0.26/src/interlace.ts": "7b75a93d79311bcb5fe6d749f91d2bf122f2443a771dff721c11756e823dc445",
    "https://deno.land/x/imagemagick_deno@0.0.26/src/internal/disposable-array.ts": "048f80ffee94ccb37437961e7bcaa57ee0b0bd95a64423257010a8eeb18e9fae",
    "https://deno.land/x/imagemagick_deno@0.0.26/src/internal/disposable.ts": "4c492c40df42590cd3400f415054ea942311918b8f4cdd90a8e00fcadd9a76d8",
    "https://deno.land/x/imagemagick_deno@0.0.26/src/internal/exception/exception.ts": "2c1e1d5f6df4fcaef50403ed18f5ebdf560a5e764944d569db406e97f76f2aae",
    "https://deno.land/x/imagemagick_deno@0.0.26/src/internal/geometry-flags.ts": "56bbc3f668db2e67f607cd1c08e07f51ded80a8c402efb0b6cd4ad98d0f69d19",
    "https://deno.land/x/imagemagick_deno@0.0.26/src/internal/magick-rectangle.ts": "ffffcd9ebffe20f871396af22c9f5acb332b5d503a5b21200a94e1e61e4e68b3",
    "https://deno.land/x/imagemagick_deno@0.0.26/src/internal/native/array.ts": "99fa112bde643aceda481db90be21d6264c23074cf77ad4a7fee41208ba75dcd",
    "https://deno.land/x/imagemagick_deno@0.0.26/src/internal/native/string.ts": "a8edad35a243f76ef98cf387580bbf771790d1b1d8299d77ea1731aa75c2c158",
    "https://deno.land/x/imagemagick_deno@0.0.26/src/internal/pointer/pointer.ts": "821ad62e6664c9e7dbe8c9d1d1f79ff4d3a76b6cf64d1a2ed943f03516fb2e8a",
    "https://deno.land/x/imagemagick_deno@0.0.26/src/internal/string-info.ts": "6121081f0382fdfe259bb6c95655b1626cc68af778ad91af437daa8c55965575",
    "https://deno.land/x/imagemagick_deno@0.0.26/src/kernel.ts": "57b8eead1ed75b953332d6d101c776f50f17d60f70c79c93768e664cd5bbc4a7",
    "https://deno.land/x/imagemagick_deno@0.0.26/src/log-event-types.ts": "91dba33b2a47dff56489d76791002a453c8387ccd2bdfba58a845f1f61fb22da",
    "https://deno.land/x/imagemagick_deno@0.0.26/src/log-event.ts": "e365ae40d58d7c1e2d7611aa4e63d0478fb80b4ac233a844235ab3cc42a92ddc",
    "https://deno.land/x/imagemagick_deno@0.0.26/src/magick-color.ts": "6e849e94f3183d86f44d55f4646af394d0d3573fbce8b26b6d6bfbda03dcaf5c",
    "https://deno.land/x/imagemagick_deno@0.0.26/src/magick-colors.ts": "c3a4cdbbca0ebce9386ae71f835118847d8770573efcb63a35c54242aa156f90",
    "https://deno.land/x/imagemagick_deno@0.0.26/src/magick-error-severity.ts": "160e5f07bad67542c9c95a8ec61e70f294333bf7f3c463419dc4fadfacdbdbf6",
    "https://deno.land/x/imagemagick_deno@0.0.26/src/magick-error.ts": "5a515e203373ef48903bda51635e04f232bf3144eaee48c66d65df1e705346d4",
    "https://deno.land/x/imagemagick_deno@0.0.26/src/magick-format-info.ts": "8c3ae6ca748d18ae69e33756d2cf64219971350a856407861a0bf7bc119909a6",
    "https://deno.land/x/imagemagick_deno@0.0.26/src/magick-format.ts": "4d7d5ad6ba825c17a75f964ba5d4ca142b9642e66ddf9adb9a0e71bf93ff89d9",
    "https://deno.land/x/imagemagick_deno@0.0.26/src/magick-geometry.ts": "2ce766f7d4338484fed3fd9b25d4ec1ccd77f89d299db8391e048f77708f8245",
    "https://deno.land/x/imagemagick_deno@0.0.26/src/magick-image-collection.ts": "aac08ac15396d6d371753989890125cd36d1e9c30e7676de1c2f08fdbe5d581a",
    "https://deno.land/x/imagemagick_deno@0.0.26/src/magick-image.ts": "57846cd9f4a9a7b0580b44af2fd9231485b4e019c7ed1165ded4b89c846f0950",
    "https://deno.land/x/imagemagick_deno@0.0.26/src/magick.ts": "1fd977495964df2b62aee25fce80f26c8964298375b0d6d30fcdf01266cf5289",
    "https://deno.land/x/imagemagick_deno@0.0.26/src/morphology-method.ts": "0f35a6165588d01764900aaa80b8087c5af3f42af6d4dcbeaea9d03f28826e9c",
    "https://deno.land/x/imagemagick_deno@0.0.26/src/native-instance.ts": "791c1dc7459d0daf53fd385d255edb9d84869edc2943cd1ff3b4b7c34aeeffb0",
    "https://deno.land/x/imagemagick_deno@0.0.26/src/orientation-type.ts": "a5c48feec25d432e5c3ad3ed76c929a7960836d3ab1012525c0f7883e4f46c30",
    "https://deno.land/x/imagemagick_deno@0.0.26/src/paint-method.ts": "0178827b90549bf587e8ae9e2757cb96607b1fffa5c05d0534a8de136a346d29",
    "https://deno.land/x/imagemagick_deno@0.0.26/src/percentage.ts": "00240337512949c97e407b006cdd025af5fc6db600adce9ca6193ab61e326291",
    "https://deno.land/x/imagemagick_deno@0.0.26/src/pixel-channel.ts": "1a6943107a0c9b73757b08b4e41bd72227fec2dbb29f7fe5871257abcf541fa1",
    "https://deno.land/x/imagemagick_deno@0.0.26/src/pixel-intensity-method.ts": "878744cbe8c1eb6198406a7a4c0655ecf3f0d1ae81b287b4b2bec031d22c7c07",
    "https://deno.land/x/imagemagick_deno@0.0.26/src/pixel-interpolate-method.ts": "d2c62675acb5d8fffca3e2c91c9a35bfebec62f2424268e5e240f9f17f57d356",
    "https://deno.land/x/imagemagick_deno@0.0.26/src/pixels/pixel-collection.ts": "e44aa8ebff8635d3959a20ffa9a545ce5df2dc2a8806f6b0d1d0092e185577f7",
    "https://deno.land/x/imagemagick_deno@0.0.26/src/point.ts": "f664938d0f39eadd41fe5eb8ca81c52b59a7f7138539afea3ddc863d25a4a935",
    "https://deno.land/x/imagemagick_deno@0.0.26/src/primary-info.ts": "87d9588a4ba37d0399e5c80fa7cbd602ed86ee544f6aeeab2f6bbe1ac366acef",
    "https://deno.land/x/imagemagick_deno@0.0.26/src/profiles/image-profile.ts": "ea1bb6406430a03cf9263a40260fcd8f99bcc14fa3629206fcbcd2679c94b4a2",
    "https://deno.land/x/imagemagick_deno@0.0.26/src/quantum.ts": "7e92f9cf73fc6ec89df48ab4c462339fad580f0b6a1e1009d3c5a5cb599dc3ed",
    "https://deno.land/x/imagemagick_deno@0.0.26/src/settings/distort-settings.ts": "cdb352260b90a140191c222bafde0740114062822400bdf89709bef1c2f40563",
    "https://deno.land/x/imagemagick_deno@0.0.26/src/settings/drawing-settings.ts": "c5191eff30944c7a6047dfdd4d6a6714cbd3e0154c4942bb53bfa25acc3399b2",
    "https://deno.land/x/imagemagick_deno@0.0.26/src/settings/magick-read-settings.ts": "d5e83efd74ff563146c5c074cefeead82e07763c0e75d271c6f1ba9f1fca3b63",
    "https://deno.land/x/imagemagick_deno@0.0.26/src/settings/magick-settings.ts": "257b5e8991df4e1daf363097c27fb0249e7d22516d1d935f7dd0407351c26c8c",
    "https://deno.land/x/imagemagick_deno@0.0.26/src/settings/montage-settings.ts": "db5dc688e2165b1a5501b6f2175c0453f9a1c435c6d1d20be657ddf26af2bb14",
    "https://deno.land/x/imagemagick_deno@0.0.26/src/settings/morphology-settings.ts": "ca9dae2ac683a815d372ae144cdda5433540bd009affeb760cd34b394ff782dc",
    "https://deno.land/x/imagemagick_deno@0.0.26/src/settings/native-drawing-settings.ts": "a69579abe2600a8ae13484f0abee16ec17d4c31213e95fe0fb9b581ee434af64",
    "https://deno.land/x/imagemagick_deno@0.0.26/src/settings/native-magick-settings.ts": "fa0b0f6721ef96a71e4a0ceea987649f681c1e9cf6f1a2bdea5acb8388e6a6a7",
    "https://deno.land/x/imagemagick_deno@0.0.26/src/settings/native-montage-settings.ts": "5b0c810053730ba63a6603fe4109c09ce02d3dd9f5a04ba1070094cb69a92433",
    "https://deno.land/x/imagemagick_deno@0.0.26/src/statistics.ts": "a9122f555b565d9869dcc9070d77febc54f2e12324932c6b8619e1a94b599885",
    "https://deno.land/x/imagemagick_deno@0.0.26/src/text-alignment.ts": "c4ba89bb5bafa88a19fb57cb0241d24670a5c3a22d186a934764614a59b665b6",
    "https://deno.land/x/imagemagick_deno@0.0.26/src/text-decoration.ts": "89bdd053d74685d1c727a696527089c45af3ce9bff3c058673b63e02612e36c3",
    "https://deno.land/x/imagemagick_deno@0.0.26/src/virtual-pixel-method.ts": "ae2f0520e05b382299e4d41f4d7e2c67baf727ef7c816037e601c978948b1451",
    "https://deno.land/x/imagemagick_deno@0.0.26/src/wasm/magick.ts": "b5ec7d6c3c7379f8f9ba0c23238f7024aa35f3a15edb2d1cbca4ccc44a186ac9",
    "https://deno.land/x/imagemagick_deno@0.0.26/src/wasm/magick_native.js": "ce63e9894f66443624d09f8d9524d3c985e4174d6848b0e0c77a09d5d5b4759e",
    "https://esm.sh/joi@17.8.3": "c5eaf7dc8b53b5920170c928bb3013249cfd25c7df71aa1cf89254c35290d125",
    "https://esm.sh/v135/joi@17.8.3/denonext/joi.mjs": "cc4b050fcc2f853c6109de00fa0fe4f86465ad5c1e5c10e9383686d7409f88b5",
    "https://esm.sh/v135/sax@1.4.1/denonext/sax.mjs": "14c0077c89939f52d25c2ded7de2c9d14e90291b28222ebcc64dc8b52cc640e9",
    "https://esm.sh/v135/xml2js@0.4.23/X-dHMvcGFyc2VTdHJpbmdQcm9taXNl/denonext/xml2js.mjs": "350c5bcbb702c12223b594f4883a2cc6d40dd9c9bb6fcd6be485c980f5554998",
    "https://esm.sh/v135/xmlbuilder@11.0.1/denonext/xmlbuilder.mjs": "0237a65baf14b6bb98e2b6fa513dd259d7afa5bfbf4275cb0f6fa4c4ceee0d68",
    "https://esm.sh/xml2js@0.4.23?cjs-exports=parseStringPromise": "2eeb1cc0d2591fdd6028d42aeb06ec3ab04233f8977a59957cbe6aae7be97f02"
  },
  "workspace": {
    "dependencies": [
      "jsr:@oak/acorn@^1.1.0"
    ]
  }
}
